
Microsoft Visual Studio Solution File, Format Version 12.00
# Visual Studio 2012
Project("{8BC9CEB8-8B4A-11D0-8D11-00A0C91BC942}") = "MyMathScript", "MyMathScript\MyMathScript.vcxproj", "{9197560C-D0A8-4F22-8A45-AE0265F0CD35}"
EndProject
Global
	GlobalSection(SolutionConfigurationPlatforms) = preSolution
		Debug|Win32 = Debug|Win32
		Release|Win32 = Release|Win32
	EndGlobalSection
	GlobalSection(ProjectConfigurationPlatforms) = postSolution
		{9197560C-D0A8-4F22-8A45-AE0265F0CD35}.Debug|Win32.ActiveCfg = Debug|Win32
		{9197560C-D0A8-4F22-8A45-AE0265F0CD35}.Debug|Win32.Build.0 = Debug|Win32
		{9197560C-D0A8-4F22-8A45-AE0265F0CD35}.Release|Win32.ActiveCfg = Release|Win32
		{9197560C-D0A8-4F22-8A45-AE0265F0CD35}.Release|Win32.Build.0 = Release|Win32
	EndGlobalSection
	GlobalSection(SolutionProperties) = preSolution
		HideSolutionNode = FALSE
	EndGlobalSection
EndGlobal
